{
  "meteor": {},
  "dependencies": {
    "basePackages": {
      "user-status": {},
      "streams": {}
    },
    "packages": {
      "user-status": {
        "git": "https://github.com/mizzao/meteor-user-status.git",
        "tag": "v0.4.0",
        "commit": "e2a1c7a4075f28b87b361387688e083a4b047a08"
      },
      "streams": {
        "git": "https://github.com/arunoda/meteor-streams.git",
        "tag": "v0.1.17",
        "commit": "9fcbbc9b7bf542827babc92089c19e730892a22f"
      },
      "timesync": {
        "git": "https://github.com/mizzao/meteor-timesync.git",
        "tag": "v0.1.6",
        "commit": "83067433f511bc13a11ae8c87e9a4d331256915e"
      }
    }
  }
}
